
Microsoft Visual Studio Solution File, Format Version 12.00
# Visual Studio 15
VisualStudioVersion = 15.0.28010.2026
MinimumVisualStudioVersion = 10.0.40219.1
Project("{FAE04EC0-301F-11D3-BF4B-00C04F79EFBC}") = "WebAppForCICD", "WebAppForCICD\WebAppForCICD.csproj", "{92BEE04C-E419-444E-B27B-C8A530F58FE4}"
EndProject
Global
	GlobalSection(SolutionConfigurationPlatforms) = preSolution
		Debug|Any CPU = Debug|Any CPU
		Release|Any CPU = Release|Any CPU
	EndGlobalSection
	GlobalSection(ProjectConfigurationPlatforms) = postSolution
		{92BEE04C-E419-444E-B27B-C8A530F58FE4}.Debug|Any CPU.ActiveCfg = Debug|Any CPU
		{92BEE04C-E419-444E-B27B-C8A530F58FE4}.Debug|Any CPU.Build.0 = Debug|Any CPU
		{92BEE04C-E419-444E-B27B-C8A530F58FE4}.Release|Any CPU.ActiveCfg = Release|Any CPU
		{92BEE04C-E419-444E-B27B-C8A530F58FE4}.Release|Any CPU.Build.0 = Release|Any CPU
	EndGlobalSection
	GlobalSection(SolutionProperties) = preSolution
		HideSolutionNode = FALSE
	EndGlobalSection
	GlobalSection(ExtensibilityGlobals) = postSolution
		SolutionGuid = {E5220768-0E67-4E91-B7B3-5B31D57B498A}
	EndGlobalSection
EndGlobal
